
Microsoft Visual Studio Solution File, Format Version 11.00
# Visual Studio 2010
Project("{FAE04EC0-301F-11D3-BF4B-00C04F79EFBC}") = "XmlImageGallery", "XmlImageGallery\XmlImageGallery.csproj", "{64F40F30-F7E3-45D2-9F8D-83F7D2186C6A}"
EndProject
Project("{FAE04EC0-301F-11D3-BF4B-00C04F79EFBC}") = "XmlImageGallery.Web", "XmlImageGallery.Web\XmlImageGallery.Web.csproj", "{94A87839-A2AB-4220-A30E-D87E81FF6890}"
EndProject
Global
	GlobalSection(SolutionConfigurationPlatforms) = preSolution
		Debug|Any CPU = Debug|Any CPU
		Release|Any CPU = Release|Any CPU
	EndGlobalSection
	GlobalSection(ProjectConfigurationPlatforms) = postSolution
		{64F40F30-F7E3-45D2-9F8D-83F7D2186C6A}.Debug|Any CPU.ActiveCfg = Debug|Any CPU
		{64F40F30-F7E3-45D2-9F8D-83F7D2186C6A}.Debug|Any CPU.Build.0 = Debug|Any CPU
		{64F40F30-F7E3-45D2-9F8D-83F7D2186C6A}.Release|Any CPU.ActiveCfg = Release|Any CPU
		{64F40F30-F7E3-45D2-9F8D-83F7D2186C6A}.Release|Any CPU.Build.0 = Release|Any CPU
		{94A87839-A2AB-4220-A30E-D87E81FF6890}.Debug|Any CPU.ActiveCfg = Debug|Any CPU
		{94A87839-A2AB-4220-A30E-D87E81FF6890}.Debug|Any CPU.Build.0 = Debug|Any CPU
		{94A87839-A2AB-4220-A30E-D87E81FF6890}.Release|Any CPU.ActiveCfg = Release|Any CPU
		{94A87839-A2AB-4220-A30E-D87E81FF6890}.Release|Any CPU.Build.0 = Release|Any CPU
	EndGlobalSection
	GlobalSection(SolutionProperties) = preSolution
		HideSolutionNode = FALSE
	EndGlobalSection
EndGlobal
